
Microsoft Visual Studio Solution File, Format Version 12.00
# Visual Studio Version 17
VisualStudioVersion = 17.7.34221.43
MinimumVisualStudioVersion = 10.0.40219.1
Project("{FAE04EC0-301F-11D3-BF4B-00C04F79EFBC}") = "Routing", "Routing\Routing.csproj", "{9A5C45E2-31AC-43FA-B1A1-5491F371C722}"
EndProject
Global
	GlobalSection(SolutionConfigurationPlatforms) = preSolution
		Debug|Any CPU = Debug|Any CPU
		Release|Any CPU = Release|Any CPU
	EndGlobalSection
	GlobalSection(ProjectConfigurationPlatforms) = postSolution
		{9A5C45E2-31AC-43FA-B1A1-5491F371C722}.Debug|Any CPU.ActiveCfg = Debug|Any CPU
		{9A5C45E2-31AC-43FA-B1A1-5491F371C722}.Debug|Any CPU.Build.0 = Debug|Any CPU
		{9A5C45E2-31AC-43FA-B1A1-5491F371C722}.Release|Any CPU.ActiveCfg = Release|Any CPU
		{9A5C45E2-31AC-43FA-B1A1-5491F371C722}.Release|Any CPU.Build.0 = Release|Any CPU
	EndGlobalSection
	GlobalSection(SolutionProperties) = preSolution
		HideSolutionNode = FALSE
	EndGlobalSection
	GlobalSection(ExtensibilityGlobals) = postSolution
		SolutionGuid = {32AE26D1-4CFD-43A4-B0AA-17FA8F6258D0}
	EndGlobalSection
EndGlobal
